// !$*UTF8*$!
{
	archiveVersion = 1;
	classes = {
	};
	objectVersion = 55;
	objects = {

/* Begin PBXBuildFile section */
		503D0784E5660CB8B00A679B /* Pods_UniMoney.framework in Frameworks */ = {isa = PBXBuildFile; fileRef = 217B2A9B29A41D825BB4AD9C /* Pods_UniMoney.framework */; };
		DA13190228EE87450055B3D8 /* AppDelegate.swift in Sources */ = {isa = PBXBuildFile; fileRef = DA13190128EE87450055B3D8 /* AppDelegate.swift */; };
		DA13190428EE87450055B3D8 /* SceneDelegate.swift in Sources */ = {isa = PBXBuildFile; fileRef = DA13190328EE87450055B3D8 /* SceneDelegate.swift */; };
		DA13190928EE87450055B3D8 /* Main.storyboard in Resources */ = {isa = PBXBuildFile; fileRef = DA13190728EE87450055B3D8 /* Main.storyboard */; };
		DA13190B28EE87470055B3D8 /* Assets.xcassets in Resources */ = {isa = PBXBuildFile; fileRef = DA13190A28EE87470055B3D8 /* Assets.xcassets */; };
		DA13190E28EE87470055B3D8 /* LaunchScreen.storyboard in Resources */ = {isa = PBXBuildFile; fileRef = DA13190C28EE87470055B3D8 /* LaunchScreen.storyboard */; };
		DA13191928EE90770055B3D8 /* MoneyTabBarController.swift in Sources */ = {isa = PBXBuildFile; fileRef = DA13191828EE90770055B3D8 /* MoneyTabBarController.swift */; };
		DA13191B28EE91090055B3D8 /* MoneyListViewController.swift in Sources */ = {isa = PBXBuildFile; fileRef = DA13191A28EE91090055B3D8 /* MoneyListViewController.swift */; };
		DA13191D28EE912B0055B3D8 /* MoneyAnalysisViewController.swift in Sources */ = {isa = PBXBuildFile; fileRef = DA13191C28EE912B0055B3D8 /* MoneyAnalysisViewController.swift */; };
		DA13191F28EE91500055B3D8 /* SettingTableViewController.swift in Sources */ = {isa = PBXBuildFile; fileRef = DA13191E28EE91500055B3D8 /* SettingTableViewController.swift */; };
		DA13192128EE91AD0055B3D8 /* MoneyComposeViewController.swift in Sources */ = {isa = PBXBuildFile; fileRef = DA13192028EE91AD0055B3D8 /* MoneyComposeViewController.swift */; };
		DA13192628EEC0120055B3D8 /* MoneyTableViewCell.swift in Sources */ = {isa = PBXBuildFile; fileRef = DA13192428EEC0120055B3D8 /* MoneyTableViewCell.swift */; };
		DA13192728EEC0120055B3D8 /* MoneyTableViewCell.xib in Resources */ = {isa = PBXBuildFile; fileRef = DA13192528EEC0120055B3D8 /* MoneyTableViewCell.xib */; };
		DA13192928EFBEE20055B3D8 /* NumberFormatter.swift in Sources */ = {isa = PBXBuildFile; fileRef = DA13192828EFBEE20055B3D8 /* NumberFormatter.swift */; };
		DA84CD5128EFFC8200354CC4 /* CategoryCollectionViewCell.swift in Sources */ = {isa = PBXBuildFile; fileRef = DA84CD5028EFFC8200354CC4 /* CategoryCollectionViewCell.swift */; };
		DA84CD5328F04DCF00354CC4 /* CategoryEditViewController.swift in Sources */ = {isa = PBXBuildFile; fileRef = DA84CD5228F04DCF00354CC4 /* CategoryEditViewController.swift */; };
		DA84CD5528F0505F00354CC4 /* DateFormatter.swift in Sources */ = {isa = PBXBuildFile; fileRef = DA84CD5428F0505F00354CC4 /* DateFormatter.swift */; };
		DA84CD5728F2AEA700354CC4 /* MoneyRecord.swift in Sources */ = {isa = PBXBuildFile; fileRef = DA84CD5628F2AEA700354CC4 /* MoneyRecord.swift */; };
		DA84CD5928F2B69F00354CC4 /* DataPopulation+InitialLaunch.swift in Sources */ = {isa = PBXBuildFile; fileRef = DA84CD5828F2B69F00354CC4 /* DataPopulation+InitialLaunch.swift */; };
		DA84CD5B28F3C77700354CC4 /* CategoryAddViewController.swift in Sources */ = {isa = PBXBuildFile; fileRef = DA84CD5A28F3C77700354CC4 /* CategoryAddViewController.swift */; };
		DAA7AF0128F53E7000AFBE77 /* FilterViewController.swift in Sources */ = {isa = PBXBuildFile; fileRef = DAA7AF0028F53E7000AFBE77 /* FilterViewController.swift */; };
		DAA7AF0328F5430C00AFBE77 /* FilterSelectionViewController.swift in Sources */ = {isa = PBXBuildFile; fileRef = DAA7AF0228F5430C00AFBE77 /* FilterSelectionViewController.swift */; };
		DAA7AF0528F5452200AFBE77 /* FilterSelectionTableViewCell.swift in Sources */ = {isa = PBXBuildFile; fileRef = DAA7AF0428F5452200AFBE77 /* FilterSelectionTableViewCell.swift */; };
/* End PBXBuildFile section */

/* Begin PBXFileReference section */
		217B2A9B29A41D825BB4AD9C /* Pods_UniMoney.framework */ = {isa = PBXFileReference; explicitFileType = wrapper.framework; includeInIndex = 0; path = Pods_UniMoney.framework; sourceTree = BUILT_PRODUCTS_DIR; };
		508A72E9BDE02876CE33358A /* Pods-UniMoney.release.xcconfig */ = {isa = PBXFileReference; includeInIndex = 1; lastKnownFileType = text.xcconfig; name = "Pods-UniMoney.release.xcconfig"; path = "Target Support Files/Pods-UniMoney/Pods-UniMoney.release.xcconfig"; sourceTree = "<group>"; };
		710A7B7894C96C7595AF2C68 /* Pods-UniMoney.debug.xcconfig */ = {isa = PBXFileReference; includeInIndex = 1; lastKnownFileType = text.xcconfig; name = "Pods-UniMoney.debug.xcconfig"; path = "Target Support Files/Pods-UniMoney/Pods-UniMoney.debug.xcconfig"; sourceTree = "<group>"; };
		DA1318FE28EE87450055B3D8 /* UniMoney.app */ = {isa = PBXFileReference; explicitFileType = wrapper.application; includeInIndex = 0; path = UniMoney.app; sourceTree = BUILT_PRODUCTS_DIR; };
		DA13190128EE87450055B3D8 /* AppDelegate.swift */ = {isa = PBXFileReference; lastKnownFileType = sourcecode.swift; path = AppDelegate.swift; sourceTree = "<group>"; };
		DA13190328EE87450055B3D8 /* SceneDelegate.swift */ = {isa = PBXFileReference; lastKnownFileType = sourcecode.swift; path = SceneDelegate.swift; sourceTree = "<group>"; };
		DA13190828EE87450055B3D8 /* Base */ = {isa = PBXFileReference; lastKnownFileType = file.storyboard; name = Base; path = Base.lproj/Main.storyboard; sourceTree = "<group>"; };
		DA13190A28EE87470055B3D8 /* Assets.xcassets */ = {isa = PBXFileReference; lastKnownFileType = folder.assetcatalog; path = Assets.xcassets; sourceTree = "<group>"; };
		DA13190D28EE87470055B3D8 /* Base */ = {isa = PBXFileReference; lastKnownFileType = file.storyboard; name = Base; path = Base.lproj/LaunchScreen.storyboard; sourceTree = "<group>"; };
		DA13190F28EE87470055B3D8 /* Info.plist */ = {isa = PBXFileReference; lastKnownFileType = text.plist.xml; path = Info.plist; sourceTree = "<group>"; };
		DA13191828EE90770055B3D8 /* MoneyTabBarController.swift */ = {isa = PBXFileReference; lastKnownFileType = sourcecode.swift; path = MoneyTabBarController.swift; sourceTree = "<group>"; };
		DA13191A28EE91090055B3D8 /* MoneyListViewController.swift */ = {isa = PBXFileReference; lastKnownFileType = sourcecode.swift; path = MoneyListViewController.swift; sourceTree = "<group>"; };
		DA13191C28EE912B0055B3D8 /* MoneyAnalysisViewController.swift */ = {isa = PBXFileReference; lastKnownFileType = sourcecode.swift; path = MoneyAnalysisViewController.swift; sourceTree = "<group>"; };
		DA13191E28EE91500055B3D8 /* SettingTableViewController.swift */ = {isa = PBXFileReference; lastKnownFileType = sourcecode.swift; path = SettingTableViewController.swift; sourceTree = "<group>"; };
		DA13192028EE91AD0055B3D8 /* MoneyComposeViewController.swift */ = {isa = PBXFileReference; lastKnownFileType = sourcecode.swift; path = MoneyComposeViewController.swift; sourceTree = "<group>"; };
		DA13192428EEC0120055B3D8 /* MoneyTableViewCell.swift */ = {isa = PBXFileReference; lastKnownFileType = sourcecode.swift; path = MoneyTableViewCell.swift; sourceTree = "<group>"; };
		DA13192528EEC0120055B3D8 /* MoneyTableViewCell.xib */ = {isa = PBXFileReference; lastKnownFileType = file.xib; path = MoneyTableViewCell.xib; sourceTree = "<group>"; };
		DA13192828EFBEE20055B3D8 /* NumberFormatter.swift */ = {isa = PBXFileReference; lastKnownFileType = sourcecode.swift; path = NumberFormatter.swift; sourceTree = "<group>"; };
		DA84CD5028EFFC8200354CC4 /* CategoryCollectionViewCell.swift */ = {isa = PBXFileReference; lastKnownFileType = sourcecode.swift; path = CategoryCollectionViewCell.swift; sourceTree = "<group>"; };
		DA84CD5228F04DCF00354CC4 /* CategoryEditViewController.swift */ = {isa = PBXFileReference; lastKnownFileType = sourcecode.swift; path = CategoryEditViewController.swift; sourceTree = "<group>"; };
		DA84CD5428F0505F00354CC4 /* DateFormatter.swift */ = {isa = PBXFileReference; lastKnownFileType = sourcecode.swift; path = DateFormatter.swift; sourceTree = "<group>"; };
		DA84CD5628F2AEA700354CC4 /* MoneyRecord.swift */ = {isa = PBXFileReference; lastKnownFileType = sourcecode.swift; path = MoneyRecord.swift; sourceTree = "<group>"; };
		DA84CD5828F2B69F00354CC4 /* DataPopulation+InitialLaunch.swift */ = {isa = PBXFileReference; lastKnownFileType = sourcecode.swift; path = "DataPopulation+InitialLaunch.swift"; sourceTree = "<group>"; };
		DA84CD5A28F3C77700354CC4 /* CategoryAddViewController.swift */ = {isa = PBXFileReference; lastKnownFileType = sourcecode.swift; path = CategoryAddViewController.swift; sourceTree = "<group>"; };
		DAA7AF0028F53E7000AFBE77 /* FilterViewController.swift */ = {isa = PBXFileReference; lastKnownFileType = sourcecode.swift; path = FilterViewController.swift; sourceTree = "<group>"; };
		DAA7AF0228F5430C00AFBE77 /* FilterSelectionViewController.swift */ = {isa = PBXFileReference; lastKnownFileType = sourcecode.swift; path = FilterSelectionViewController.swift; sourceTree = "<group>"; };
		DAA7AF0428F5452200AFBE77 /* FilterSelectionTableViewCell.swift */ = {isa = PBXFileReference; lastKnownFileType = sourcecode.swift; path = FilterSelectionTableViewCell.swift; sourceTree = "<group>"; };
/* End PBXFileReference section */

/* Begin PBXFrameworksBuildPhase section */
		DA1318FB28EE87450055B3D8 /* Frameworks */ = {
			isa = PBXFrameworksBuildPhase;
			buildActionMask = 2147483647;
			files = (
				503D0784E5660CB8B00A679B /* Pods_UniMoney.framework in Frameworks */,
			);
			runOnlyForDeploymentPostprocessing = 0;
		};
/* End PBXFrameworksBuildPhase section */

/* Begin PBXGroup section */
		AB43DAEB974ACE6661E05930 /* Frameworks */ = {
			isa = PBXGroup;
			children = (
				217B2A9B29A41D825BB4AD9C /* Pods_UniMoney.framework */,
			);
			name = Frameworks;
			sourceTree = "<group>";
		};
		AC3AA72F6DFD2FBDC6A3E2BF /* Pods */ = {
			isa = PBXGroup;
			children = (
				710A7B7894C96C7595AF2C68 /* Pods-UniMoney.debug.xcconfig */,
				508A72E9BDE02876CE33358A /* Pods-UniMoney.release.xcconfig */,
			);
			path = Pods;
			sourceTree = "<group>";
		};
		DA1318F528EE87450055B3D8 = {
			isa = PBXGroup;
			children = (
				DA13190028EE87450055B3D8 /* UniMoney */,
				DA1318FF28EE87450055B3D8 /* Products */,
				AC3AA72F6DFD2FBDC6A3E2BF /* Pods */,
				AB43DAEB974ACE6661E05930 /* Frameworks */,
			);
			sourceTree = "<group>";
		};
		DA1318FF28EE87450055B3D8 /* Products */ = {
			isa = PBXGroup;
			children = (
				DA1318FE28EE87450055B3D8 /* UniMoney.app */,
			);
			name = Products;
			sourceTree = "<group>";
		};
		DA13190028EE87450055B3D8 /* UniMoney */ = {
			isa = PBXGroup;
			children = (
				DA13192328EEBFF70055B3D8 /* Cell */,
				DA13192228EEACE80055B3D8 /* Formatter */,
				DA13191728EE90520055B3D8 /* Controller */,
				DA13191628EE89950055B3D8 /* Model */,
				DA13191528EE88600055B3D8 /* Common */,
				DA13190728EE87450055B3D8 /* Main.storyboard */,
				DA13190A28EE87470055B3D8 /* Assets.xcassets */,
				DA13190C28EE87470055B3D8 /* LaunchScreen.storyboard */,
				DA13190F28EE87470055B3D8 /* Info.plist */,
			);
			path = UniMoney;
			sourceTree = "<group>";
		};
		DA13191528EE88600055B3D8 /* Common */ = {
			isa = PBXGroup;
			children = (
				DA13190128EE87450055B3D8 /* AppDelegate.swift */,
				DA13190328EE87450055B3D8 /* SceneDelegate.swift */,
			);
			path = Common;
			sourceTree = "<group>";
		};
		DA13191628EE89950055B3D8 /* Model */ = {
			isa = PBXGroup;
			children = (
				DA84CD5628F2AEA700354CC4 /* MoneyRecord.swift */,
				DA84CD5828F2B69F00354CC4 /* DataPopulation+InitialLaunch.swift */,
			);
			path = Model;
			sourceTree = "<group>";
		};
		DA13191728EE90520055B3D8 /* Controller */ = {
			isa = PBXGroup;
			children = (
				DA13191828EE90770055B3D8 /* MoneyTabBarController.swift */,
				DA13191A28EE91090055B3D8 /* MoneyListViewController.swift */,
				DA13191C28EE912B0055B3D8 /* MoneyAnalysisViewController.swift */,
				DA13191E28EE91500055B3D8 /* SettingTableViewController.swift */,
				DA13192028EE91AD0055B3D8 /* MoneyComposeViewController.swift */,
				DA84CD5228F04DCF00354CC4 /* CategoryEditViewController.swift */,
				DA84CD5A28F3C77700354CC4 /* CategoryAddViewController.swift */,
				DAA7AF0028F53E7000AFBE77 /* FilterViewController.swift */,
				DAA7AF0228F5430C00AFBE77 /* FilterSelectionViewController.swift */,
			);
			path = Controller;
			sourceTree = "<group>";
		};
		DA13192228EEACE80055B3D8 /* Formatter */ = {
			isa = PBXGroup;
			children = (
				DA13192828EFBEE20055B3D8 /* NumberFormatter.swift */,
				DA84CD5428F0505F00354CC4 /* DateFormatter.swift */,
			);
			path = Formatter;
			sourceTree = "<group>";
		};
		DA13192328EEBFF70055B3D8 /* Cell */ = {
			isa = PBXGroup;
			children = (
				DA13192428EEC0120055B3D8 /* MoneyTableViewCell.swift */,
				DA13192528EEC0120055B3D8 /* MoneyTableViewCell.xib */,
				DA84CD5028EFFC8200354CC4 /* CategoryCollectionViewCell.swift */,
				DAA7AF0428F5452200AFBE77 /* FilterSelectionTableViewCell.swift */,
			);
			path = Cell;
			sourceTree = "<group>";
		};
/* End PBXGroup section */

/* Begin PBXNativeTarget section */
		DA1318FD28EE87450055B3D8 /* UniMoney */ = {
			isa = PBXNativeTarget;
			buildConfigurationList = DA13191228EE87470055B3D8 /* Build configuration list for PBXNativeTarget "UniMoney" */;
			buildPhases = (
				221608735CBF4288AB954BC3 /* [CP] Check Pods Manifest.lock */,
				DA1318FA28EE87450055B3D8 /* Sources */,
				DA1318FB28EE87450055B3D8 /* Frameworks */,
				DA1318FC28EE87450055B3D8 /* Resources */,
				6F6ECB3730F136BCB557DD3D /* [CP] Embed Pods Frameworks */,
			);
			buildRules = (
			);
			dependencies = (
			);
			name = UniMoney;
			productName = UniMoney;
			productReference = DA1318FE28EE87450055B3D8 /* UniMoney.app */;
			productType = "com.apple.product-type.application";
		};
/* End PBXNativeTarget section */

/* Begin PBXProject section */
		DA1318F628EE87450055B3D8 /* Project object */ = {
			isa = PBXProject;
			attributes = {
				BuildIndependentTargetsInParallel = 1;
				LastSwiftUpdateCheck = 1400;
				LastUpgradeCheck = 1400;
				TargetAttributes = {
					DA1318FD28EE87450055B3D8 = {
						CreatedOnToolsVersion = 14.0.1;
					};
				};
			};
			buildConfigurationList = DA1318F928EE87450055B3D8 /* Build configuration list for PBXProject "UniMoney" */;
			compatibilityVersion = "Xcode 13.0";
			developmentRegion = en;
			hasScannedForEncodings = 0;
			knownRegions = (
				en,
				Base,
			);
			mainGroup = DA1318F528EE87450055B3D8;
			productRefGroup = DA1318FF28EE87450055B3D8 /* Products */;
			projectDirPath = "";
			projectRoot = "";
			targets = (
				DA1318FD28EE87450055B3D8 /* UniMoney */,
			);
		};
/* End PBXProject section */

/* Begin PBXResourcesBuildPhase section */
		DA1318FC28EE87450055B3D8 /* Resources */ = {
			isa = PBXResourcesBuildPhase;
			buildActionMask = 2147483647;
			files = (
				DA13190E28EE87470055B3D8 /* LaunchScreen.storyboard in Resources */,
				DA13192728EEC0120055B3D8 /* MoneyTableViewCell.xib in Resources */,
				DA13190B28EE87470055B3D8 /* Assets.xcassets in Resources */,
				DA13190928EE87450055B3D8 /* Main.storyboard in Resources */,
			);
			runOnlyForDeploymentPostprocessing = 0;
		};
/* End PBXResourcesBuildPhase section */

/* Begin PBXShellScriptBuildPhase section */
		221608735CBF4288AB954BC3 /* [CP] Check Pods Manifest.lock */ = {
			isa = PBXShellScriptBuildPhase;
			buildActionMask = 2147483647;
			files = (
			);
			inputFileListPaths = (
			);
			inputPaths = (
				"${PODS_PODFILE_DIR_PATH}/Podfile.lock",
				"${PODS_ROOT}/Manifest.lock",
			);
			name = "[CP] Check Pods Manifest.lock";
			outputFileListPaths = (
			);
			outputPaths = (
				"$(DERIVED_FILE_DIR)/Pods-UniMoney-checkManifestLockResult.txt",
			);
			runOnlyForDeploymentPostprocessing = 0;
			shellPath = /bin/sh;
			shellScript = "diff \"${PODS_PODFILE_DIR_PATH}/Podfile.lock\" \"${PODS_ROOT}/Manifest.lock\" > /dev/null\nif [ $? != 0 ] ; then\n    # print error to STDERR\n    echo \"error: The sandbox is not in sync with the Podfile.lock. Run 'pod install' or update your CocoaPods installation.\" >&2\n    exit 1\nfi\n# This output is used by Xcode 'outputs' to avoid re-running this script phase.\necho \"SUCCESS\" > \"${SCRIPT_OUTPUT_FILE_0}\"\n";
			showEnvVarsInLog = 0;
		};
		6F6ECB3730F136BCB557DD3D /* [CP] Embed Pods Frameworks */ = {
			isa = PBXShellScriptBuildPhase;
			buildActionMask = 2147483647;
			files = (
			);
			inputFileListPaths = (
				"${PODS_ROOT}/Target Support Files/Pods-UniMoney/Pods-UniMoney-frameworks-${CONFIGURATION}-input-files.xcfilelist",
			);
			name = "[CP] Embed Pods Frameworks";
			outputFileListPaths = (
				"${PODS_ROOT}/Target Support Files/Pods-UniMoney/Pods-UniMoney-frameworks-${CONFIGURATION}-output-files.xcfilelist",
			);
			runOnlyForDeploymentPostprocessing = 0;
			shellPath = /bin/sh;
			shellScript = "\"${PODS_ROOT}/Target Support Files/Pods-UniMoney/Pods-UniMoney-frameworks.sh\"\n";
			showEnvVarsInLog = 0;
		};
/* End PBXShellScriptBuildPhase section */

/* Begin PBXSourcesBuildPhase section */
		DA1318FA28EE87450055B3D8 /* Sources */ = {
			isa = PBXSourcesBuildPhase;
			buildActionMask = 2147483647;
			files = (
				DA84CD5528F0505F00354CC4 /* DateFormatter.swift in Sources */,
				DA13192128EE91AD0055B3D8 /* MoneyComposeViewController.swift in Sources */,
				DA13191F28EE91500055B3D8 /* SettingTableViewController.swift in Sources */,
				DA13192628EEC0120055B3D8 /* MoneyTableViewCell.swift in Sources */,
				DA13191D28EE912B0055B3D8 /* MoneyAnalysisViewController.swift in Sources */,
				DA84CD5B28F3C77700354CC4 /* CategoryAddViewController.swift in Sources */,
				DA13191B28EE91090055B3D8 /* MoneyListViewController.swift in Sources */,
				DA13190228EE87450055B3D8 /* AppDelegate.swift in Sources */,
				DA84CD5128EFFC8200354CC4 /* CategoryCollectionViewCell.swift in Sources */,
				DA13191928EE90770055B3D8 /* MoneyTabBarController.swift in Sources */,
				DAA7AF0128F53E7000AFBE77 /* FilterViewController.swift in Sources */,
				DA13192928EFBEE20055B3D8 /* NumberFormatter.swift in Sources */,
				DAA7AF0528F5452200AFBE77 /* FilterSelectionTableViewCell.swift in Sources */,
				DAA7AF0328F5430C00AFBE77 /* FilterSelectionViewController.swift in Sources */,
				DA84CD5928F2B69F00354CC4 /* DataPopulation+InitialLaunch.swift in Sources */,
				DA84CD5728F2AEA700354CC4 /* MoneyRecord.swift in Sources */,
				DA84CD5328F04DCF00354CC4 /* CategoryEditViewController.swift in Sources */,
				DA13190428EE87450055B3D8 /* SceneDelegate.swift in Sources */,
			);
			runOnlyForDeploymentPostprocessing = 0;
		};
/* End PBXSourcesBuildPhase section */

/* Begin PBXVariantGroup section */
		DA13190728EE87450055B3D8 /* Main.storyboard */ = {
			isa = PBXVariantGroup;
			children = (
				DA13190828EE87450055B3D8 /* Base */,
			);
			name = Main.storyboard;
			sourceTree = "<group>";
		};
		DA13190C28EE87470055B3D8 /* LaunchScreen.storyboard */ = {
			isa = PBXVariantGroup;
			children = (
				DA13190D28EE87470055B3D8 /* Base */,
			);
			name = LaunchScreen.storyboard;
			sourceTree = "<group>";
		};
/* End PBXVariantGroup section */

/* Begin XCBuildConfiguration section */
		DA13191028EE87470055B3D8 /* Debug */ = {
			isa = XCBuildConfiguration;
			buildSettings = {
				ALWAYS_SEARCH_USER_PATHS = NO;
				CLANG_ANALYZER_NONNULL = YES;
				CLANG_ANALYZER_NUMBER_OBJECT_CONVERSION = YES_AGGRESSIVE;
				CLANG_CXX_LANGUAGE_STANDARD = "gnu++20";
				CLANG_ENABLE_MODULES = YES;
				CLANG_ENABLE_OBJC_ARC = YES;
				CLANG_ENABLE_OBJC_WEAK = YES;
				CLANG_WARN_BLOCK_CAPTURE_AUTORELEASING = YES;
				CLANG_WARN_BOOL_CONVERSION = YES;
				CLANG_WARN_COMMA = YES;
				CLANG_WARN_CONSTANT_CONVERSION = YES;
				CLANG_WARN_DEPRECATED_OBJC_IMPLEMENTATIONS = YES;
				CLANG_WARN_DIRECT_OBJC_ISA_USAGE = YES_ERROR;
				CLANG_WARN_DOCUMENTATION_COMMENTS = YES;
				CLANG_WARN_EMPTY_BODY = YES;
				CLANG_WARN_ENUM_CONVERSION = YES;
				CLANG_WARN_INFINITE_RECURSION = YES;
				CLANG_WARN_INT_CONVERSION = YES;
				CLANG_WARN_NON_LITERAL_NULL_CONVERSION = YES;
				CLANG_WARN_OBJC_IMPLICIT_RETAIN_SELF = YES;
				CLANG_WARN_OBJC_LITERAL_CONVERSION = YES;
				CLANG_WARN_OBJC_ROOT_CLASS = YES_ERROR;
				CLANG_WARN_QUOTED_INCLUDE_IN_FRAMEWORK_HEADER = YES;
				CLANG_WARN_RANGE_LOOP_ANALYSIS = YES;
				CLANG_WARN_STRICT_PROTOTYPES = YES;
				CLANG_WARN_SUSPICIOUS_MOVE = YES;
				CLANG_WARN_UNGUARDED_AVAILABILITY = YES_AGGRESSIVE;
				CLANG_WARN_UNREACHABLE_CODE = YES;
				CLANG_WARN__DUPLICATE_METHOD_MATCH = YES;
				COPY_PHASE_STRIP = NO;
				DEBUG_INFORMATION_FORMAT = dwarf;
				ENABLE_STRICT_OBJC_MSGSEND = YES;
				ENABLE_TESTABILITY = YES;
				GCC_C_LANGUAGE_STANDARD = gnu11;
				GCC_DYNAMIC_NO_PIC = NO;
				GCC_NO_COMMON_BLOCKS = YES;
				GCC_OPTIMIZATION_LEVEL = 0;
				GCC_PREPROCESSOR_DEFINITIONS = (
					"DEBUG=1",
					"$(inherited)",
				);
				GCC_WARN_64_TO_32_BIT_CONVERSION = YES;
				GCC_WARN_ABOUT_RETURN_TYPE = YES_ERROR;
				GCC_WARN_UNDECLARED_SELECTOR = YES;
				GCC_WARN_UNINITIALIZED_AUTOS = YES_AGGRESSIVE;
				GCC_WARN_UNUSED_FUNCTION = YES;
				GCC_WARN_UNUSED_VARIABLE = YES;
				IPHONEOS_DEPLOYMENT_TARGET = 16.0;
				MTL_ENABLE_DEBUG_INFO = INCLUDE_SOURCE;
				MTL_FAST_MATH = YES;
				ONLY_ACTIVE_ARCH = YES;
				SDKROOT = iphoneos;
				SWIFT_ACTIVE_COMPILATION_CONDITIONS = DEBUG;
				SWIFT_OPTIMIZATION_LEVEL = "-Onone";
			};
			name = Debug;
		};
		DA13191128EE87470055B3D8 /* Release */ = {
			isa = XCBuildConfiguration;
			buildSettings = {
				ALWAYS_SEARCH_USER_PATHS = NO;
				CLANG_ANALYZER_NONNULL = YES;
				CLANG_ANALYZER_NUMBER_OBJECT_CONVERSION = YES_AGGRESSIVE;
				CLANG_CXX_LANGUAGE_STANDARD = "gnu++20";
				CLANG_ENABLE_MODULES = YES;
				CLANG_ENABLE_OBJC_ARC = YES;
				CLANG_ENABLE_OBJC_WEAK = YES;
				CLANG_WARN_BLOCK_CAPTURE_AUTORELEASING = YES;
				CLANG_WARN_BOOL_CONVERSION = YES;
				CLANG_WARN_COMMA = YES;
				CLANG_WARN_CONSTANT_CONVERSION = YES;
				CLANG_WARN_DEPRECATED_OBJC_IMPLEMENTATIONS = YES;
				CLANG_WARN_DIRECT_OBJC_ISA_USAGE = YES_ERROR;
				CLANG_WARN_DOCUMENTATION_COMMENTS = YES;
				CLANG_WARN_EMPTY_BODY = YES;
				CLANG_WARN_ENUM_CONVERSION = YES;
				CLANG_WARN_INFINITE_RECURSION = YES;
				CLANG_WARN_INT_CONVERSION = YES;
				CLANG_WARN_NON_LITERAL_NULL_CONVERSION = YES;
				CLANG_WARN_OBJC_IMPLICIT_RETAIN_SELF = YES;
				CLANG_WARN_OBJC_LITERAL_CONVERSION = YES;
				CLANG_WARN_OBJC_ROOT_CLASS = YES_ERROR;
				CLANG_WARN_QUOTED_INCLUDE_IN_FRAMEWORK_HEADER = YES;
				CLANG_WARN_RANGE_LOOP_ANALYSIS = YES;
				CLANG_WARN_STRICT_PROTOTYPES = YES;
				CLANG_WARN_SUSPICIOUS_MOVE = YES;
				CLANG_WARN_UNGUARDED_AVAILABILITY = YES_AGGRESSIVE;
				CLANG_WARN_UNREACHABLE_CODE = YES;
				CLANG_WARN__DUPLICATE_METHOD_MATCH = YES;
				COPY_PHASE_STRIP = NO;
				DEBUG_INFORMATION_FORMAT = "dwarf-with-dsym";
				ENABLE_NS_ASSERTIONS = NO;
				ENABLE_STRICT_OBJC_MSGSEND = YES;
				GCC_C_LANGUAGE_STANDARD = gnu11;
				GCC_NO_COMMON_BLOCKS = YES;
				GCC_WARN_64_TO_32_BIT_CONVERSION = YES;
				GCC_WARN_ABOUT_RETURN_TYPE = YES_ERROR;
				GCC_WARN_UNDECLARED_SELECTOR = YES;
				GCC_WARN_UNINITIALIZED_AUTOS = YES_AGGRESSIVE;
				GCC_WARN_UNUSED_FUNCTION = YES;
				GCC_WARN_UNUSED_VARIABLE = YES;
				IPHONEOS_DEPLOYMENT_TARGET = 16.0;
				MTL_ENABLE_DEBUG_INFO = NO;
				MTL_FAST_MATH = YES;
				SDKROOT = iphoneos;
				SWIFT_COMPILATION_MODE = wholemodule;
				SWIFT_OPTIMIZATION_LEVEL = "-O";
				VALIDATE_PRODUCT = YES;
			};
			name = Release;
		};
		DA13191328EE87470055B3D8 /* Debug */ = {
			isa = XCBuildConfiguration;
			baseConfigurationReference = 710A7B7894C96C7595AF2C68 /* Pods-UniMoney.debug.xcconfig */;
			buildSettings = {
				ASSETCATALOG_COMPILER_APPICON_NAME = AppIcon;
				ASSETCATALOG_COMPILER_GLOBAL_ACCENT_COLOR_NAME = AccentColor;
				CODE_SIGN_STYLE = Automatic;
				CURRENT_PROJECT_VERSION = 1;
				DEVELOPMENT_TEAM = MF7FTLWYJ6;
				GENERATE_INFOPLIST_FILE = YES;
				INFOPLIST_FILE = UniMoney/Info.plist;
				INFOPLIST_KEY_UIApplicationSupportsIndirectInputEvents = YES;
				INFOPLIST_KEY_UILaunchStoryboardName = LaunchScreen;
				INFOPLIST_KEY_UIMainStoryboardFile = Main;
				INFOPLIST_KEY_UISupportedInterfaceOrientations = UIInterfaceOrientationPortrait;
				INFOPLIST_KEY_UISupportedInterfaceOrientations_iPad = "UIInterfaceOrientationLandscapeLeft UIInterfaceOrientationLandscapeRight UIInterfaceOrientationPortrait UIInterfaceOrientationPortraitUpsideDown";
				IPHONEOS_DEPLOYMENT_TARGET = 14.0;
				LD_RUNPATH_SEARCH_PATHS = (
					"$(inherited)",
					"@executable_path/Frameworks",
				);
				MARKETING_VERSION = 1.0;
				PRODUCT_BUNDLE_IDENTIFIER = com.paulkisq.UniMoney;
				PRODUCT_NAME = "$(TARGET_NAME)";
				SUPPORTED_PLATFORMS = "iphoneos iphonesimulator";
				SUPPORTS_MACCATALYST = NO;
				SUPPORTS_MAC_DESIGNED_FOR_IPHONE_IPAD = NO;
				SWIFT_EMIT_LOC_STRINGS = YES;
				SWIFT_VERSION = 5.0;
				TARGETED_DEVICE_FAMILY = 1;
			};
			name = Debug;
		};
		DA13191428EE87470055B3D8 /* Release */ = {
			isa = XCBuildConfiguration;
			baseConfigurationReference = 508A72E9BDE02876CE33358A /* Pods-UniMoney.release.xcconfig */;
			buildSettings = {
				ASSETCATALOG_COMPILER_APPICON_NAME = AppIcon;
				ASSETCATALOG_COMPILER_GLOBAL_ACCENT_COLOR_NAME = AccentColor;
				CODE_SIGN_STYLE = Automatic;
				CURRENT_PROJECT_VERSION = 1;
				DEVELOPMENT_TEAM = MF7FTLWYJ6;
				GENERATE_INFOPLIST_FILE = YES;
				INFOPLIST_FILE = UniMoney/Info.plist;
				INFOPLIST_KEY_UIApplicationSupportsIndirectInputEvents = YES;
				INFOPLIST_KEY_UILaunchStoryboardName = LaunchScreen;
				INFOPLIST_KEY_UIMainStoryboardFile = Main;
				INFOPLIST_KEY_UISupportedInterfaceOrientations = UIInterfaceOrientationPortrait;
				INFOPLIST_KEY_UISupportedInterfaceOrientations_iPad = "UIInterfaceOrientationLandscapeLeft UIInterfaceOrientationLandscapeRight UIInterfaceOrientationPortrait UIInterfaceOrientationPortraitUpsideDown";
				IPHONEOS_DEPLOYMENT_TARGET = 14.0;
				LD_RUNPATH_SEARCH_PATHS = (
					"$(inherited)",
					"@executable_path/Frameworks",
				);
				MARKETING_VERSION = 1.0;
				PRODUCT_BUNDLE_IDENTIFIER = com.paulkisq.UniMoney;
				PRODUCT_NAME = "$(TARGET_NAME)";
				SUPPORTED_PLATFORMS = "iphoneos iphonesimulator";
				SUPPORTS_MACCATALYST = NO;
				SUPPORTS_MAC_DESIGNED_FOR_IPHONE_IPAD = NO;
				SWIFT_EMIT_LOC_STRINGS = YES;
				SWIFT_VERSION = 5.0;
				TARGETED_DEVICE_FAMILY = 1;
			};
			name = Release;
		};
/* End XCBuildConfiguration section */

/* Begin XCConfigurationList section */
		DA1318F928EE87450055B3D8 /* Build configuration list for PBXProject "UniMoney" */ = {
			isa = XCConfigurationList;
			buildConfigurations = (
				DA13191028EE87470055B3D8 /* Debug */,
				DA13191128EE87470055B3D8 /* Release */,
			);
			defaultConfigurationIsVisible = 0;
			defaultConfigurationName = Release;
		};
		DA13191228EE87470055B3D8 /* Build configuration list for PBXNativeTarget "UniMoney" */ = {
			isa = XCConfigurationList;
			buildConfigurations = (
				DA13191328EE87470055B3D8 /* Debug */,
				DA13191428EE87470055B3D8 /* Release */,
			);
			defaultConfigurationIsVisible = 0;
			defaultConfigurationName = Release;
		};
/* End XCConfigurationList section */
	};
	rootObject = DA1318F628EE87450055B3D8 /* Project object */;
}
